
Microsoft Visual Studio Solution File, Format Version 12.00
# Visual Studio 15
VisualStudioVersion = 15.0.28307.168
MinimumVisualStudioVersion = 10.0.40219.1
Project("{FAE04EC0-301F-11D3-BF4B-00C04F79EFBC}") = "TakeMeThere", "TakeMeThere\TakeMeThere\TakeMeThere.csproj", "{5C0362D2-FFAB-48A3-821B-B6D60DD82C7D}"
EndProject
Project("{FAE04EC0-301F-11D3-BF4B-00C04F79EFBC}") = "TakeMeThere.Android", "TakeMeThere\TakeMeThere.Android\TakeMeThere.Android.csproj", "{C4FE07AB-973C-4CD3-B772-0AD34517404F}"
EndProject
Global
	GlobalSection(SolutionConfigurationPlatforms) = preSolution
		Debug|Any CPU = Debug|Any CPU
		Release|Any CPU = Release|Any CPU
	EndGlobalSection
	GlobalSection(ProjectConfigurationPlatforms) = postSolution
		{5C0362D2-FFAB-48A3-821B-B6D60DD82C7D}.Debug|Any CPU.ActiveCfg = Debug|Any CPU
		{5C0362D2-FFAB-48A3-821B-B6D60DD82C7D}.Debug|Any CPU.Build.0 = Debug|Any CPU
		{5C0362D2-FFAB-48A3-821B-B6D60DD82C7D}.Release|Any CPU.ActiveCfg = Release|Any CPU
		{5C0362D2-FFAB-48A3-821B-B6D60DD82C7D}.Release|Any CPU.Build.0 = Release|Any CPU
		{C4FE07AB-973C-4CD3-B772-0AD34517404F}.Debug|Any CPU.ActiveCfg = Debug|Any CPU
		{C4FE07AB-973C-4CD3-B772-0AD34517404F}.Debug|Any CPU.Build.0 = Debug|Any CPU
		{C4FE07AB-973C-4CD3-B772-0AD34517404F}.Debug|Any CPU.Deploy.0 = Debug|Any CPU
		{C4FE07AB-973C-4CD3-B772-0AD34517404F}.Release|Any CPU.ActiveCfg = Release|Any CPU
		{C4FE07AB-973C-4CD3-B772-0AD34517404F}.Release|Any CPU.Build.0 = Release|Any CPU
		{C4FE07AB-973C-4CD3-B772-0AD34517404F}.Release|Any CPU.Deploy.0 = Release|Any CPU
	EndGlobalSection
	GlobalSection(SolutionProperties) = preSolution
		HideSolutionNode = FALSE
	EndGlobalSection
	GlobalSection(ExtensibilityGlobals) = postSolution
		SolutionGuid = {32B897F2-CC9B-45AB-9ECF-8A9147424FAE}
	EndGlobalSection
EndGlobal
